<Solution>
  <Configurations>
    <Platform Name="Any CPU" />
    <Platform Name="x64" />
    <Platform Name="x86" />
  </Configurations>
  <Folder Name="/src/">
    <Project Path="src/Chip8.Interop/Chip8.Interop.csproj" />
    <Project Path="src/Chip8.Managed/Chip8.Managed.csproj" />
    <Project Path="src/Chip8/Chip8.csproj" />
  </Folder>
  <Folder Name="/tests/">
    <Project Path="tests/Chip8.Interop.Tests/Chip8.Interop.Tests.csproj" />
  </Folder>
</Solution>
